{
  "requires": true,
  "lockfileVersion": 1,
  "dependencies": {
    "@types/lodash": {
      "version": "4.14.166",
      "resolved": "https://registry.npmjs.org/@types/lodash/-/lodash-4.14.166.tgz",
      "integrity": "sha512-A3YT/c1oTlyvvW/GQqG86EyqWNrT/tisOIh2mW3YCgcx71TNjiTZA3zYZWA5BCmtsOTXjhliy4c4yEkErw6njA=="
    },
    "@types/screeps": {
      "version": "3.2.1",
      "resolved": "https://registry.npmjs.org/@types/screeps/-/screeps-3.2.1.tgz",
      "integrity": "sha512-5xTVk0lyhzQ8VrcLLbBkWcnM9OrDZGfu0HgI1MUg3+oc45h5xnl9J7mFoWSjVR518yZcck5m6eskGy47gaHQ9A=="
    }
  }
}
